// !$*UTF8*$!
{
	archiveVersion = 1;
	classes = {
	};
	objectVersion = 46;
	objects = {

/* Begin PBXBuildFile section */
		E2852B3618B08AB50003F895 /* Foundation.framework in Frameworks */ = {isa = PBXBuildFile; fileRef = E2852B3518B08AB50003F895 /* Foundation.framework */; };
		E2852B3818B08AB50003F895 /* CoreGraphics.framework in Frameworks */ = {isa = PBXBuildFile; fileRef = E2852B3718B08AB50003F895 /* CoreGraphics.framework */; };
		E2852B3A18B08AB50003F895 /* UIKit.framework in Frameworks */ = {isa = PBXBuildFile; fileRef = E2852B3918B08AB50003F895 /* UIKit.framework */; };
		E2852B4018B08AB50003F895 /* InfoPlist.strings in Resources */ = {isa = PBXBuildFile; fileRef = E2852B3E18B08AB50003F895 /* InfoPlist.strings */; };
		E2852B4218B08AB50003F895 /* main.m in Sources */ = {isa = PBXBuildFile; fileRef = E2852B4118B08AB50003F895 /* main.m */; };
		E2852B4618B08AB50003F895 /* RVAppDelegate.m in Sources */ = {isa = PBXBuildFile; fileRef = E2852B4518B08AB50003F895 /* RVAppDelegate.m */; };
		E2852B4918B08AB50003F895 /* Main.storyboard in Resources */ = {isa = PBXBuildFile; fileRef = E2852B4718B08AB50003F895 /* Main.storyboard */; };
		E2852B4C18B08AB50003F895 /* RVViewController.m in Sources */ = {isa = PBXBuildFile; fileRef = E2852B4B18B08AB50003F895 /* RVViewController.m */; };
		E2852B4E18B08AB50003F895 /* Images.xcassets in Resources */ = {isa = PBXBuildFile; fileRef = E2852B4D18B08AB50003F895 /* Images.xcassets */; };
		E2852B5518B08AB50003F895 /* XCTest.framework in Frameworks */ = {isa = PBXBuildFile; fileRef = E2852B5418B08AB50003F895 /* XCTest.framework */; };
		E2852B5618B08AB50003F895 /* Foundation.framework in Frameworks */ = {isa = PBXBuildFile; fileRef = E2852B3518B08AB50003F895 /* Foundation.framework */; };
		E2852B5718B08AB50003F895 /* UIKit.framework in Frameworks */ = {isa = PBXBuildFile; fileRef = E2852B3918B08AB50003F895 /* UIKit.framework */; };
		E2852B5F18B08AB50003F895 /* InfoPlist.strings in Resources */ = {isa = PBXBuildFile; fileRef = E2852B5D18B08AB50003F895 /* InfoPlist.strings */; };
		E2852B6118B08AB50003F895 /* Inches_to_feet_converterTests.m in Sources */ = {isa = PBXBuildFile; fileRef = E2852B6018B08AB50003F895 /* Inches_to_feet_converterTests.m */; };
/* End PBXBuildFile section */

/* Begin PBXContainerItemProxy section */
		E2852B5818B08AB50003F895 /* PBXContainerItemProxy */ = {
			isa = PBXContainerItemProxy;
			containerPortal = E2852B2A18B08AB50003F895 /* Project object */;
			proxyType = 1;
			remoteGlobalIDString = E2852B3118B08AB50003F895;
			remoteInfo = "Inches to feet converter";
		};
/* End PBXContainerItemProxy section */

/* Begin PBXFileReference section */
		E2852B3218B08AB50003F895 /* Inches to feet converter.app */ = {isa = PBXFileReference; explicitFileType = wrapper.application; includeInIndex = 0; path = "Inches to feet converter.app"; sourceTree = BUILT_PRODUCTS_DIR; };
		E2852B3518B08AB50003F895 /* Foundation.framework */ = {isa = PBXFileReference; lastKnownFileType = wrapper.framework; name = Foundation.framework; path = System/Library/Frameworks/Foundation.framework; sourceTree = SDKROOT; };
		E2852B3718B08AB50003F895 /* CoreGraphics.framework */ = {isa = PBXFileReference; lastKnownFileType = wrapper.framework; name = CoreGraphics.framework; path = System/Library/Frameworks/CoreGraphics.framework; sourceTree = SDKROOT; };
		E2852B3918B08AB50003F895 /* UIKit.framework */ = {isa = PBXFileReference; lastKnownFileType = wrapper.framework; name = UIKit.framework; path = System/Library/Frameworks/UIKit.framework; sourceTree = SDKROOT; };
		E2852B3D18B08AB50003F895 /* Inches to feet converter-Info.plist */ = {isa = PBXFileReference; lastKnownFileType = text.plist.xml; path = "Inches to feet converter-Info.plist"; sourceTree = "<group>"; };
		E2852B3F18B08AB50003F895 /* en */ = {isa = PBXFileReference; lastKnownFileType = text.plist.strings; name = en; path = en.lproj/InfoPlist.strings; sourceTree = "<group>"; };
		E2852B4118B08AB50003F895 /* main.m */ = {isa = PBXFileReference; lastKnownFileType = sourcecode.c.objc; path = main.m; sourceTree = "<group>"; };
		E2852B4318B08AB50003F895 /* Inches to feet converter-Prefix.pch */ = {isa = PBXFileReference; lastKnownFileType = sourcecode.c.h; path = "Inches to feet converter-Prefix.pch"; sourceTree = "<group>"; };
		E2852B4418B08AB50003F895 /* RVAppDelegate.h */ = {isa = PBXFileReference; lastKnownFileType = sourcecode.c.h; path = RVAppDelegate.h; sourceTree = "<group>"; };
		E2852B4518B08AB50003F895 /* RVAppDelegate.m */ = {isa = PBXFileReference; lastKnownFileType = sourcecode.c.objc; path = RVAppDelegate.m; sourceTree = "<group>"; };
		E2852B4818B08AB50003F895 /* Base */ = {isa = PBXFileReference; lastKnownFileType = file.storyboard; name = Base; path = Base.lproj/Main.storyboard; sourceTree = "<group>"; };
		E2852B4A18B08AB50003F895 /* RVViewController.h */ = {isa = PBXFileReference; lastKnownFileType = sourcecode.c.h; path = RVViewController.h; sourceTree = "<group>"; };
		E2852B4B18B08AB50003F895 /* RVViewController.m */ = {isa = PBXFileReference; lastKnownFileType = sourcecode.c.objc; path = RVViewController.m; sourceTree = "<group>"; };
		E2852B4D18B08AB50003F895 /* Images.xcassets */ = {isa = PBXFileReference; lastKnownFileType = folder.assetcatalog; path = Images.xcassets; sourceTree = "<group>"; };
		E2852B5318B08AB50003F895 /* Inches to feet converterTests.xctest */ = {isa = PBXFileReference; explicitFileType = wrapper.cfbundle; includeInIndex = 0; path = "Inches to feet converterTests.xctest"; sourceTree = BUILT_PRODUCTS_DIR; };
		E2852B5418B08AB50003F895 /* XCTest.framework */ = {isa = PBXFileReference; lastKnownFileType = wrapper.framework; name = XCTest.framework; path = Library/Frameworks/XCTest.framework; sourceTree = DEVELOPER_DIR; };
		E2852B5C18B08AB50003F895 /* Inches to feet converterTests-Info.plist */ = {isa = PBXFileReference; lastKnownFileType = text.plist.xml; path = "Inches to feet converterTests-Info.plist"; sourceTree = "<group>"; };
		E2852B5E18B08AB50003F895 /* en */ = {isa = PBXFileReference; lastKnownFileType = text.plist.strings; name = en; path = en.lproj/InfoPlist.strings; sourceTree = "<group>"; };
		E2852B6018B08AB50003F895 /* Inches_to_feet_converterTests.m */ = {isa = PBXFileReference; lastKnownFileType = sourcecode.c.objc; path = Inches_to_feet_converterTests.m; sourceTree = "<group>"; };
/* End PBXFileReference section */

/* Begin PBXFrameworksBuildPhase section */
		E2852B2F18B08AB50003F895 /* Frameworks */ = {
			isa = PBXFrameworksBuildPhase;
			buildActionMask = 2147483647;
			files = (
				E2852B3818B08AB50003F895 /* CoreGraphics.framework in Frameworks */,
				E2852B3A18B08AB50003F895 /* UIKit.framework in Frameworks */,
				E2852B3618B08AB50003F895 /* Foundation.framework in Frameworks */,
			);
			runOnlyForDeploymentPostprocessing = 0;
		};
		E2852B5018B08AB50003F895 /* Frameworks */ = {
			isa = PBXFrameworksBuildPhase;
			buildActionMask = 2147483647;
			files = (
				E2852B5518B08AB50003F895 /* XCTest.framework in Frameworks */,
				E2852B5718B08AB50003F895 /* UIKit.framework in Frameworks */,
				E2852B5618B08AB50003F895 /* Foundation.framework in Frameworks */,
			);
			runOnlyForDeploymentPostprocessing = 0;
		};
/* End PBXFrameworksBuildPhase section */

/* Begin PBXGroup section */
		E2852B2918B08AB50003F895 = {
			isa = PBXGroup;
			children = (
				E2852B3B18B08AB50003F895 /* Inches to feet converter */,
				E2852B5A18B08AB50003F895 /* Inches to feet converterTests */,
				E2852B3418B08AB50003F895 /* Frameworks */,
				E2852B3318B08AB50003F895 /* Products */,
			);
			sourceTree = "<group>";
		};
		E2852B3318B08AB50003F895 /* Products */ = {
			isa = PBXGroup;
			children = (
				E2852B3218B08AB50003F895 /* Inches to feet converter.app */,
				E2852B5318B08AB50003F895 /* Inches to feet converterTests.xctest */,
			);
			name = Products;
			sourceTree = "<group>";
		};
		E2852B3418B08AB50003F895 /* Frameworks */ = {
			isa = PBXGroup;
			children = (
				E2852B3518B08AB50003F895 /* Foundation.framework */,
				E2852B3718B08AB50003F895 /* CoreGraphics.framework */,
				E2852B3918B08AB50003F895 /* UIKit.framework */,
				E2852B5418B08AB50003F895 /* XCTest.framework */,
			);
			name = Frameworks;
			sourceTree = "<group>";
		};
		E2852B3B18B08AB50003F895 /* Inches to feet converter */ = {
			isa = PBXGroup;
			children = (
				E2852B4418B08AB50003F895 /* RVAppDelegate.h */,
				E2852B4518B08AB50003F895 /* RVAppDelegate.m */,
				E2852B4718B08AB50003F895 /* Main.storyboard */,
				E2852B4A18B08AB50003F895 /* RVViewController.h */,
				E2852B4B18B08AB50003F895 /* RVViewController.m */,
				E2852B4D18B08AB50003F895 /* Images.xcassets */,
				E2852B3C18B08AB50003F895 /* Supporting Files */,
			);
			path = "Inches to feet converter";
			sourceTree = "<group>";
		};
		E2852B3C18B08AB50003F895 /* Supporting Files */ = {
			isa = PBXGroup;
			children = (
				E2852B3D18B08AB50003F895 /* Inches to feet converter-Info.plist */,
				E2852B3E18B08AB50003F895 /* InfoPlist.strings */,
				E2852B4118B08AB50003F895 /* main.m */,
				E2852B4318B08AB50003F895 /* Inches to feet converter-Prefix.pch */,
			);
			name = "Supporting Files";
			sourceTree = "<group>";
		};
		E2852B5A18B08AB50003F895 /* Inches to feet converterTests */ = {
			isa = PBXGroup;
			children = (
				E2852B6018B08AB50003F895 /* Inches_to_feet_converterTests.m */,
				E2852B5B18B08AB50003F895 /* Supporting Files */,
			);
			path = "Inches to feet converterTests";
			sourceTree = "<group>";
		};
		E2852B5B18B08AB50003F895 /* Supporting Files */ = {
			isa = PBXGroup;
			children = (
				E2852B5C18B08AB50003F895 /* Inches to feet converterTests-Info.plist */,
				E2852B5D18B08AB50003F895 /* InfoPlist.strings */,
			);
			name = "Supporting Files";
			sourceTree = "<group>";
		};
/* End PBXGroup section */

/* Begin PBXNativeTarget section */
		E2852B3118B08AB50003F895 /* Inches to feet converter */ = {
			isa = PBXNativeTarget;
			buildConfigurationList = E2852B6418B08AB50003F895 /* Build configuration list for PBXNativeTarget "Inches to feet converter" */;
			buildPhases = (
				E2852B2E18B08AB50003F895 /* Sources */,
				E2852B2F18B08AB50003F895 /* Frameworks */,
				E2852B3018B08AB50003F895 /* Resources */,
			);
			buildRules = (
			);
			dependencies = (
			);
			name = "Inches to feet converter";
			productName = "Inches to feet converter";
			productReference = E2852B3218B08AB50003F895 /* Inches to feet converter.app */;
			productType = "com.apple.product-type.application";
		};
		E2852B5218B08AB50003F895 /* Inches to feet converterTests */ = {
			isa = PBXNativeTarget;
			buildConfigurationList = E2852B6718B08AB50003F895 /* Build configuration list for PBXNativeTarget "Inches to feet converterTests" */;
			buildPhases = (
				E2852B4F18B08AB50003F895 /* Sources */,
				E2852B5018B08AB50003F895 /* Frameworks */,
				E2852B5118B08AB50003F895 /* Resources */,
			);
			buildRules = (
			);
			dependencies = (
				E2852B5918B08AB50003F895 /* PBXTargetDependency */,
			);
			name = "Inches to feet converterTests";
			productName = "Inches to feet converterTests";
			productReference = E2852B5318B08AB50003F895 /* Inches to feet converterTests.xctest */;
			productType = "com.apple.product-type.bundle.unit-test";
		};
/* End PBXNativeTarget section */

/* Begin PBXProject section */
		E2852B2A18B08AB50003F895 /* Project object */ = {
			isa = PBXProject;
			attributes = {
				CLASSPREFIX = RV;
				LastUpgradeCheck = 0500;
				ORGANIZATIONNAME = "Randy Varela";
				TargetAttributes = {
					E2852B5218B08AB50003F895 = {
						TestTargetID = E2852B3118B08AB50003F895;
					};
				};
			};
			buildConfigurationList = E2852B2D18B08AB50003F895 /* Build configuration list for PBXProject "Inches to feet converter" */;
			compatibilityVersion = "Xcode 3.2";
			developmentRegion = English;
			hasScannedForEncodings = 0;
			knownRegions = (
				en,
				Base,
			);
			mainGroup = E2852B2918B08AB50003F895;
			productRefGroup = E2852B3318B08AB50003F895 /* Products */;
			projectDirPath = "";
			projectRoot = "";
			targets = (
				E2852B3118B08AB50003F895 /* Inches to feet converter */,
				E2852B5218B08AB50003F895 /* Inches to feet converterTests */,
			);
		};
/* End PBXProject section */

/* Begin PBXResourcesBuildPhase section */
		E2852B3018B08AB50003F895 /* Resources */ = {
			isa = PBXResourcesBuildPhase;
			buildActionMask = 2147483647;
			files = (
				E2852B4E18B08AB50003F895 /* Images.xcassets in Resources */,
				E2852B4018B08AB50003F895 /* InfoPlist.strings in Resources */,
				E2852B4918B08AB50003F895 /* Main.storyboard in Resources */,
			);
			runOnlyForDeploymentPostprocessing = 0;
		};
		E2852B5118B08AB50003F895 /* Resources */ = {
			isa = PBXResourcesBuildPhase;
			buildActionMask = 2147483647;
			files = (
				E2852B5F18B08AB50003F895 /* InfoPlist.strings in Resources */,
			);
			runOnlyForDeploymentPostprocessing = 0;
		};
/* End PBXResourcesBuildPhase section */

/* Begin PBXSourcesBuildPhase section */
		E2852B2E18B08AB50003F895 /* Sources */ = {
			isa = PBXSourcesBuildPhase;
			buildActionMask = 2147483647;
			files = (
				E2852B4618B08AB50003F895 /* RVAppDelegate.m in Sources */,
				E2852B4C18B08AB50003F895 /* RVViewController.m in Sources */,
				E2852B4218B08AB50003F895 /* main.m in Sources */,
			);
			runOnlyForDeploymentPostprocessing = 0;
		};
		E2852B4F18B08AB50003F895 /* Sources */ = {
			isa = PBXSourcesBuildPhase;
			buildActionMask = 2147483647;
			files = (
				E2852B6118B08AB50003F895 /* Inches_to_feet_converterTests.m in Sources */,
			);
			runOnlyForDeploymentPostprocessing = 0;
		};
/* End PBXSourcesBuildPhase section */

/* Begin PBXTargetDependency section */
		E2852B5918B08AB50003F895 /* PBXTargetDependency */ = {
			isa = PBXTargetDependency;
			target = E2852B3118B08AB50003F895 /* Inches to feet converter */;
			targetProxy = E2852B5818B08AB50003F895 /* PBXContainerItemProxy */;
		};
/* End PBXTargetDependency section */

/* Begin PBXVariantGroup section */
		E2852B3E18B08AB50003F895 /* InfoPlist.strings */ = {
			isa = PBXVariantGroup;
			children = (
				E2852B3F18B08AB50003F895 /* en */,
			);
			name = InfoPlist.strings;
			sourceTree = "<group>";
		};
		E2852B4718B08AB50003F895 /* Main.storyboard */ = {
			isa = PBXVariantGroup;
			children = (
				E2852B4818B08AB50003F895 /* Base */,
			);
			name = Main.storyboard;
			sourceTree = "<group>";
		};
		E2852B5D18B08AB50003F895 /* InfoPlist.strings */ = {
			isa = PBXVariantGroup;
			children = (
				E2852B5E18B08AB50003F895 /* en */,
			);
			name = InfoPlist.strings;
			sourceTree = "<group>";
		};
/* End PBXVariantGroup section */

/* Begin XCBuildConfiguration section */
		E2852B6218B08AB50003F895 /* Debug */ = {
			isa = XCBuildConfiguration;
			buildSettings = {
				ALWAYS_SEARCH_USER_PATHS = NO;
				ARCHS = "$(ARCHS_STANDARD_INCLUDING_64_BIT)";
				CLANG_CXX_LANGUAGE_STANDARD = "gnu++0x";
				CLANG_CXX_LIBRARY = "libc++";
				CLANG_ENABLE_MODULES = YES;
				CLANG_ENABLE_OBJC_ARC = YES;
				CLANG_WARN_BOOL_CONVERSION = YES;
				CLANG_WARN_CONSTANT_CONVERSION = YES;
				CLANG_WARN_DIRECT_OBJC_ISA_USAGE = YES_ERROR;
				CLANG_WARN_EMPTY_BODY = YES;
				CLANG_WARN_ENUM_CONVERSION = YES;
				CLANG_WARN_INT_CONVERSION = YES;
				CLANG_WARN_OBJC_ROOT_CLASS = YES_ERROR;
				CLANG_WARN__DUPLICATE_METHOD_MATCH = YES;
				"CODE_SIGN_IDENTITY[sdk=iphoneos*]" = "iPhone Developer";
				COPY_PHASE_STRIP = NO;
				GCC_C_LANGUAGE_STANDARD = gnu99;
				GCC_DYNAMIC_NO_PIC = NO;
				GCC_OPTIMIZATION_LEVEL = 0;
				GCC_PREPROCESSOR_DEFINITIONS = (
					"DEBUG=1",
					"$(inherited)",
				);
				GCC_SYMBOLS_PRIVATE_EXTERN = NO;
				GCC_WARN_64_TO_32_BIT_CONVERSION = YES;
				GCC_WARN_ABOUT_RETURN_TYPE = YES_ERROR;
				GCC_WARN_UNDECLARED_SELECTOR = YES;
				GCC_WARN_UNINITIALIZED_AUTOS = YES;
				GCC_WARN_UNUSED_FUNCTION = YES;
				GCC_WARN_UNUSED_VARIABLE = YES;
				IPHONEOS_DEPLOYMENT_TARGET = 7.0;
				ONLY_ACTIVE_ARCH = YES;
				SDKROOT = iphoneos;
			};
			name = Debug;
		};
		E2852B6318B08AB50003F895 /* Release */ = {
			isa = XCBuildConfiguration;
			buildSettings = {
				ALWAYS_SEARCH_USER_PATHS = NO;
				ARCHS = "$(ARCHS_STANDARD_INCLUDING_64_BIT)";
				CLANG_CXX_LANGUAGE_STANDARD = "gnu++0x";
				CLANG_CXX_LIBRARY = "libc++";
				CLANG_ENABLE_MODULES = YES;
				CLANG_ENABLE_OBJC_ARC = YES;
				CLANG_WARN_BOOL_CONVERSION = YES;
				CLANG_WARN_CONSTANT_CONVERSION = YES;
				CLANG_WARN_DIRECT_OBJC_ISA_USAGE = YES_ERROR;
				CLANG_WARN_EMPTY_BODY = YES;
				CLANG_WARN_ENUM_CONVERSION = YES;
				CLANG_WARN_INT_CONVERSION = YES;
				CLANG_WARN_OBJC_ROOT_CLASS = YES_ERROR;
				CLANG_WARN__DUPLICATE_METHOD_MATCH = YES;
				"CODE_SIGN_IDENTITY[sdk=iphoneos*]" = "iPhone Developer";
				COPY_PHASE_STRIP = YES;
				ENABLE_NS_ASSERTIONS = NO;
				GCC_C_LANGUAGE_STANDARD = gnu99;
				GCC_WARN_64_TO_32_BIT_CONVERSION = YES;
				GCC_WARN_ABOUT_RETURN_TYPE = YES_ERROR;
				GCC_WARN_UNDECLARED_SELECTOR = YES;
				GCC_WARN_UNINITIALIZED_AUTOS = YES;
				GCC_WARN_UNUSED_FUNCTION = YES;
				GCC_WARN_UNUSED_VARIABLE = YES;
				IPHONEOS_DEPLOYMENT_TARGET = 7.0;
				SDKROOT = iphoneos;
				VALIDATE_PRODUCT = YES;
			};
			name = Release;
		};
		E2852B6518B08AB50003F895 /* Debug */ = {
			isa = XCBuildConfiguration;
			buildSettings = {
				ASSETCATALOG_COMPILER_APPICON_NAME = AppIcon;
				ASSETCATALOG_COMPILER_LAUNCHIMAGE_NAME = LaunchImage;
				GCC_PRECOMPILE_PREFIX_HEADER = YES;
				GCC_PREFIX_HEADER = "Inches to feet converter/Inches to feet converter-Prefix.pch";
				INFOPLIST_FILE = "Inches to feet converter/Inches to feet converter-Info.plist";
				PRODUCT_NAME = "$(TARGET_NAME)";
				WRAPPER_EXTENSION = app;
			};
			name = Debug;
		};
		E2852B6618B08AB50003F895 /* Release */ = {
			isa = XCBuildConfiguration;
			buildSettings = {
				ASSETCATALOG_COMPILER_APPICON_NAME = AppIcon;
				ASSETCATALOG_COMPILER_LAUNCHIMAGE_NAME = LaunchImage;
				GCC_PRECOMPILE_PREFIX_HEADER = YES;
				GCC_PREFIX_HEADER = "Inches to feet converter/Inches to feet converter-Prefix.pch";
				INFOPLIST_FILE = "Inches to feet converter/Inches to feet converter-Info.plist";
				PRODUCT_NAME = "$(TARGET_NAME)";
				WRAPPER_EXTENSION = app;
			};
			name = Release;
		};
		E2852B6818B08AB50003F895 /* Debug */ = {
			isa = XCBuildConfiguration;
			buildSettings = {
				ARCHS = "$(ARCHS_STANDARD_INCLUDING_64_BIT)";
				BUNDLE_LOADER = "$(BUILT_PRODUCTS_DIR)/Inches to feet converter.app/Inches to feet converter";
				FRAMEWORK_SEARCH_PATHS = (
					"$(SDKROOT)/Developer/Library/Frameworks",
					"$(inherited)",
					"$(DEVELOPER_FRAMEWORKS_DIR)",
				);
				GCC_PRECOMPILE_PREFIX_HEADER = YES;
				GCC_PREFIX_HEADER = "Inches to feet converter/Inches to feet converter-Prefix.pch";
				GCC_PREPROCESSOR_DEFINITIONS = (
					"DEBUG=1",
					"$(inherited)",
				);
				INFOPLIST_FILE = "Inches to feet converterTests/Inches to feet converterTests-Info.plist";
				PRODUCT_NAME = "$(TARGET_NAME)";
				TEST_HOST = "$(BUNDLE_LOADER)";
				WRAPPER_EXTENSION = xctest;
			};
			name = Debug;
		};
		E2852B6918B08AB50003F895 /* Release */ = {
			isa = XCBuildConfiguration;
			buildSettings = {
				ARCHS = "$(ARCHS_STANDARD_INCLUDING_64_BIT)";
				BUNDLE_LOADER = "$(BUILT_PRODUCTS_DIR)/Inches to feet converter.app/Inches to feet converter";
				FRAMEWORK_SEARCH_PATHS = (
					"$(SDKROOT)/Developer/Library/Frameworks",
					"$(inherited)",
					"$(DEVELOPER_FRAMEWORKS_DIR)",
				);
				GCC_PRECOMPILE_PREFIX_HEADER = YES;
				GCC_PREFIX_HEADER = "Inches to feet converter/Inches to feet converter-Prefix.pch";
				INFOPLIST_FILE = "Inches to feet converterTests/Inches to feet converterTests-Info.plist";
				PRODUCT_NAME = "$(TARGET_NAME)";
				TEST_HOST = "$(BUNDLE_LOADER)";
				WRAPPER_EXTENSION = xctest;
			};
			name = Release;
		};
/* End XCBuildConfiguration section */

/* Begin XCConfigurationList section */
		E2852B2D18B08AB50003F895 /* Build configuration list for PBXProject "Inches to feet converter" */ = {
			isa = XCConfigurationList;
			buildConfigurations = (
				E2852B6218B08AB50003F895 /* Debug */,
				E2852B6318B08AB50003F895 /* Release */,
			);
			defaultConfigurationIsVisible = 0;
			defaultConfigurationName = Release;
		};
		E2852B6418B08AB50003F895 /* Build configuration list for PBXNativeTarget "Inches to feet converter" */ = {
			isa = XCConfigurationList;
			buildConfigurations = (
				E2852B6518B08AB50003F895 /* Debug */,
				E2852B6618B08AB50003F895 /* Release */,
			);
			defaultConfigurationIsVisible = 0;
		};
		E2852B6718B08AB50003F895 /* Build configuration list for PBXNativeTarget "Inches to feet converterTests" */ = {
			isa = XCConfigurationList;
			buildConfigurations = (
				E2852B6818B08AB50003F895 /* Debug */,
				E2852B6918B08AB50003F895 /* Release */,
			);
			defaultConfigurationIsVisible = 0;
		};
/* End XCConfigurationList section */
	};
	rootObject = E2852B2A18B08AB50003F895 /* Project object */;
}
